// !$*UTF8*$!
{
	archiveVersion = 1;
	classes = {
	};
	objectVersion = 53;
	objects = {

/* Begin PBXBuildFile section */
		62095C6E243B6F4900C81EE9 /* AppDelegate.swift in Sources */ = {isa = PBXBuildFile; fileRef = 62F86BB3243B6B7E00CD3D85 /* AppDelegate.swift */; };
		62095C6F243B6F4900C81EE9 /* Main.storyboard in Resources */ = {isa = PBXBuildFile; fileRef = 62F86BB4243B6B7E00CD3D85 /* Main.storyboard */; };
		62095C70243B6F4900C81EE9 /* ContentView.swift in Sources */ = {isa = PBXBuildFile; fileRef = 62F86BB5243B6B7E00CD3D85 /* ContentView.swift */; };
		62709ACA243B70D60030BE2C /* SwiftUILib.DocumentPicker in Frameworks */ = {isa = PBXBuildFile; productRef = 62709AC9243B70D60030BE2C /* SwiftUILib.DocumentPicker */; };
		62A534A6243B2EC90077ADAD /* AppDelegate.swift in Sources */ = {isa = PBXBuildFile; fileRef = 62A534A5243B2EC90077ADAD /* AppDelegate.swift */; };
		62A534AA243B2EC90077ADAD /* ContentView.swift in Sources */ = {isa = PBXBuildFile; fileRef = 62A534A9243B2EC90077ADAD /* ContentView.swift */; };
		62A534AC243B2EC90077ADAD /* Assets.xcassets in Resources */ = {isa = PBXBuildFile; fileRef = 62A534AB243B2EC90077ADAD /* Assets.xcassets */; };
		62BAC69B243B435500E599CC /* SwiftUILib.DocumentPicker in Frameworks */ = {isa = PBXBuildFile; productRef = 62BAC69A243B435500E599CC /* SwiftUILib.DocumentPicker */; };
/* End PBXBuildFile section */

/* Begin PBXFileReference section */
		62A534A2243B2EC90077ADAD /* DocumentPickerPreview.app */ = {isa = PBXFileReference; explicitFileType = wrapper.application; includeInIndex = 0; path = DocumentPickerPreview.app; sourceTree = BUILT_PRODUCTS_DIR; };
		62A534A5243B2EC90077ADAD /* AppDelegate.swift */ = {isa = PBXFileReference; lastKnownFileType = sourcecode.swift; path = AppDelegate.swift; sourceTree = "<group>"; };
		62A534A9243B2EC90077ADAD /* ContentView.swift */ = {isa = PBXFileReference; lastKnownFileType = sourcecode.swift; path = ContentView.swift; sourceTree = "<group>"; };
		62A534AB243B2EC90077ADAD /* Assets.xcassets */ = {isa = PBXFileReference; lastKnownFileType = folder.assetcatalog; path = Assets.xcassets; sourceTree = "<group>"; };
		62B26E51243B4BEC0030D8E8 /* . */ = {isa = PBXFileReference; lastKnownFileType = folder; path = .; sourceTree = "<group>"; };
		62DB0565243B44D8006DB6C1 /* iOS.xcconfig */ = {isa = PBXFileReference; lastKnownFileType = text.xcconfig; path = iOS.xcconfig; sourceTree = "<group>"; };
		62F86B97243B695700CD3D85 /* iOS.entitlements */ = {isa = PBXFileReference; lastKnownFileType = text.plist.entitlements; path = iOS.entitlements; sourceTree = "<group>"; };
		62F86B98243B695700CD3D85 /* iOS.Info.plist */ = {isa = PBXFileReference; lastKnownFileType = text.plist.xml; path = iOS.Info.plist; sourceTree = "<group>"; };
		62F86B99243B6A7200CD3D85 /* macOS.Info.plist */ = {isa = PBXFileReference; lastKnownFileType = text.plist.xml; path = macOS.Info.plist; sourceTree = "<group>"; };
		62F86B9A243B6A7200CD3D85 /* macOS.xcconfig */ = {isa = PBXFileReference; lastKnownFileType = text.xcconfig; path = macOS.xcconfig; sourceTree = "<group>"; };
		62F86B9B243B6A7200CD3D85 /* macOS.entitlements */ = {isa = PBXFileReference; lastKnownFileType = text.plist.entitlements; path = macOS.entitlements; sourceTree = "<group>"; };
		62F86BA0243B6B1900CD3D85 /* DocumentPickerPreview-Mac.app */ = {isa = PBXFileReference; explicitFileType = wrapper.application; includeInIndex = 0; path = "DocumentPickerPreview-Mac.app"; sourceTree = BUILT_PRODUCTS_DIR; };
		62F86BB3243B6B7E00CD3D85 /* AppDelegate.swift */ = {isa = PBXFileReference; lastKnownFileType = sourcecode.swift; path = AppDelegate.swift; sourceTree = "<group>"; };
		62F86BB4243B6B7E00CD3D85 /* Main.storyboard */ = {isa = PBXFileReference; lastKnownFileType = file.storyboard; path = Main.storyboard; sourceTree = "<group>"; };
		62F86BB5243B6B7E00CD3D85 /* ContentView.swift */ = {isa = PBXFileReference; lastKnownFileType = sourcecode.swift; path = ContentView.swift; sourceTree = "<group>"; };
/* End PBXFileReference section */

/* Begin PBXFrameworksBuildPhase section */
		62A5349F243B2EC90077ADAD /* Frameworks */ = {
			isa = PBXFrameworksBuildPhase;
			buildActionMask = 2147483647;
			files = (
				62BAC69B243B435500E599CC /* SwiftUILib.DocumentPicker in Frameworks */,
			);
			runOnlyForDeploymentPostprocessing = 0;
		};
		62F86B9D243B6B1900CD3D85 /* Frameworks */ = {
			isa = PBXFrameworksBuildPhase;
			buildActionMask = 2147483647;
			files = (
				62709ACA243B70D60030BE2C /* SwiftUILib.DocumentPicker in Frameworks */,
			);
			runOnlyForDeploymentPostprocessing = 0;
		};
/* End PBXFrameworksBuildPhase section */

/* Begin PBXGroup section */
		62709AC8243B70D60030BE2C /* Frameworks */ = {
			isa = PBXGroup;
			children = (
			);
			name = Frameworks;
			sourceTree = "<group>";
		};
		62A53499243B2EC90077ADAD = {
			isa = PBXGroup;
			children = (
				62B26E51243B4BEC0030D8E8 /* . */,
				62A534A4243B2EC90077ADAD /* preview */,
				62A534A3243B2EC90077ADAD /* Products */,
				62709AC8243B70D60030BE2C /* Frameworks */,
			);
			sourceTree = "<group>";
		};
		62A534A3243B2EC90077ADAD /* Products */ = {
			isa = PBXGroup;
			children = (
				62A534A2243B2EC90077ADAD /* DocumentPickerPreview.app */,
				62F86BA0243B6B1900CD3D85 /* DocumentPickerPreview-Mac.app */,
			);
			name = Products;
			sourceTree = "<group>";
		};
		62A534A4243B2EC90077ADAD /* preview */ = {
			isa = PBXGroup;
			children = (
				62DB0563243B449D006DB6C1 /* ios */,
				62F86BB2243B6B7E00CD3D85 /* macOS */,
				62DB0564243B44AF006DB6C1 /* conf */,
			);
			path = preview;
			sourceTree = "<group>";
		};
		62DB0563243B449D006DB6C1 /* ios */ = {
			isa = PBXGroup;
			children = (
				62A534A9243B2EC90077ADAD /* ContentView.swift */,
				62A534A5243B2EC90077ADAD /* AppDelegate.swift */,
				62A534AB243B2EC90077ADAD /* Assets.xcassets */,
			);
			path = ios;
			sourceTree = "<group>";
		};
		62DB0564243B44AF006DB6C1 /* conf */ = {
			isa = PBXGroup;
			children = (
				62F86B9B243B6A7200CD3D85 /* macOS.entitlements */,
				62F86B99243B6A7200CD3D85 /* macOS.Info.plist */,
				62F86B9A243B6A7200CD3D85 /* macOS.xcconfig */,
				62F86B97243B695700CD3D85 /* iOS.entitlements */,
				62F86B98243B695700CD3D85 /* iOS.Info.plist */,
				62DB0565243B44D8006DB6C1 /* iOS.xcconfig */,
			);
			path = conf;
			sourceTree = "<group>";
		};
		62F86BB2243B6B7E00CD3D85 /* macOS */ = {
			isa = PBXGroup;
			children = (
				62F86BB3243B6B7E00CD3D85 /* AppDelegate.swift */,
				62F86BB4243B6B7E00CD3D85 /* Main.storyboard */,
				62F86BB5243B6B7E00CD3D85 /* ContentView.swift */,
			);
			path = macOS;
			sourceTree = "<group>";
		};
/* End PBXGroup section */

/* Begin PBXNativeTarget section */
		62A534A1243B2EC90077ADAD /* DocumentPickerPreview */ = {
			isa = PBXNativeTarget;
			buildConfigurationList = 62A534B6243B2EC90077ADAD /* Build configuration list for PBXNativeTarget "DocumentPickerPreview" */;
			buildPhases = (
				62A5349E243B2EC90077ADAD /* Sources */,
				62A5349F243B2EC90077ADAD /* Frameworks */,
				62A534A0243B2EC90077ADAD /* Resources */,
			);
			buildRules = (
			);
			dependencies = (
			);
			name = DocumentPickerPreview;
			packageProductDependencies = (
				62BAC69A243B435500E599CC /* SwiftUILib.DocumentPicker */,
			);
			productName = Demo;
			productReference = 62A534A2243B2EC90077ADAD /* DocumentPickerPreview.app */;
			productType = "com.apple.product-type.application";
		};
		62F86B9F243B6B1900CD3D85 /* DocumentPickerPreview-Mac */ = {
			isa = PBXNativeTarget;
			buildConfigurationList = 62F86BB0243B6B1A00CD3D85 /* Build configuration list for PBXNativeTarget "DocumentPickerPreview-Mac" */;
			buildPhases = (
				62F86B9C243B6B1900CD3D85 /* Sources */,
				62F86B9D243B6B1900CD3D85 /* Frameworks */,
				62F86B9E243B6B1900CD3D85 /* Resources */,
			);
			buildRules = (
			);
			dependencies = (
			);
			name = "DocumentPickerPreview-Mac";
			packageProductDependencies = (
				62709AC9243B70D60030BE2C /* SwiftUILib.DocumentPicker */,
			);
			productName = "DocumentPickerPreview-Mac";
			productReference = 62F86BA0243B6B1900CD3D85 /* DocumentPickerPreview-Mac.app */;
			productType = "com.apple.product-type.application";
		};
/* End PBXNativeTarget section */

/* Begin PBXProject section */
		62A5349A243B2EC90077ADAD /* Project object */ = {
			isa = PBXProject;
			attributes = {
				LastSwiftUpdateCheck = 1140;
				LastUpgradeCheck = 1140;
				ORGANIZATIONNAME = "Diego Lavalle";
				TargetAttributes = {
					62A534A1243B2EC90077ADAD = {
						CreatedOnToolsVersion = 11.4;
					};
					62F86B9F243B6B1900CD3D85 = {
						CreatedOnToolsVersion = 11.4;
					};
				};
			};
			buildConfigurationList = 62A5349D243B2EC90077ADAD /* Build configuration list for PBXProject "DocumentPickerPreview" */;
			compatibilityVersion = "Xcode 11.4";
			developmentRegion = en;
			hasScannedForEncodings = 0;
			knownRegions = (
				en,
				Base,
			);
			mainGroup = 62A53499243B2EC90077ADAD;
			productRefGroup = 62A534A3243B2EC90077ADAD /* Products */;
			projectDirPath = "";
			projectRoot = "";
			targets = (
				62A534A1243B2EC90077ADAD /* DocumentPickerPreview */,
				62F86B9F243B6B1900CD3D85 /* DocumentPickerPreview-Mac */,
			);
		};
/* End PBXProject section */

/* Begin PBXResourcesBuildPhase section */
		62A534A0243B2EC90077ADAD /* Resources */ = {
			isa = PBXResourcesBuildPhase;
			buildActionMask = 2147483647;
			files = (
				62A534AC243B2EC90077ADAD /* Assets.xcassets in Resources */,
			);
			runOnlyForDeploymentPostprocessing = 0;
		};
		62F86B9E243B6B1900CD3D85 /* Resources */ = {
			isa = PBXResourcesBuildPhase;
			buildActionMask = 2147483647;
			files = (
				62095C6F243B6F4900C81EE9 /* Main.storyboard in Resources */,
			);
			runOnlyForDeploymentPostprocessing = 0;
		};
/* End PBXResourcesBuildPhase section */

/* Begin PBXSourcesBuildPhase section */
		62A5349E243B2EC90077ADAD /* Sources */ = {
			isa = PBXSourcesBuildPhase;
			buildActionMask = 2147483647;
			files = (
				62A534A6243B2EC90077ADAD /* AppDelegate.swift in Sources */,
				62A534AA243B2EC90077ADAD /* ContentView.swift in Sources */,
			);
			runOnlyForDeploymentPostprocessing = 0;
		};
		62F86B9C243B6B1900CD3D85 /* Sources */ = {
			isa = PBXSourcesBuildPhase;
			buildActionMask = 2147483647;
			files = (
				62095C70243B6F4900C81EE9 /* ContentView.swift in Sources */,
				62095C6E243B6F4900C81EE9 /* AppDelegate.swift in Sources */,
			);
			runOnlyForDeploymentPostprocessing = 0;
		};
/* End PBXSourcesBuildPhase section */

/* Begin XCBuildConfiguration section */
		62A534B4243B2EC90077ADAD /* Debug */ = {
			isa = XCBuildConfiguration;
			buildSettings = {
				ALWAYS_SEARCH_USER_PATHS = NO;
				CLANG_ANALYZER_NONNULL = YES;
				CLANG_ANALYZER_NUMBER_OBJECT_CONVERSION = YES_AGGRESSIVE;
				CLANG_CXX_LANGUAGE_STANDARD = "gnu++14";
				CLANG_CXX_LIBRARY = "libc++";
				CLANG_ENABLE_MODULES = YES;
				CLANG_ENABLE_OBJC_ARC = YES;
				CLANG_ENABLE_OBJC_WEAK = YES;
				CLANG_WARN_BLOCK_CAPTURE_AUTORELEASING = YES;
				CLANG_WARN_BOOL_CONVERSION = YES;
				CLANG_WARN_COMMA = YES;
				CLANG_WARN_CONSTANT_CONVERSION = YES;
				CLANG_WARN_DEPRECATED_OBJC_IMPLEMENTATIONS = YES;
				CLANG_WARN_DIRECT_OBJC_ISA_USAGE = YES_ERROR;
				CLANG_WARN_DOCUMENTATION_COMMENTS = YES;
				CLANG_WARN_EMPTY_BODY = YES;
				CLANG_WARN_ENUM_CONVERSION = YES;
				CLANG_WARN_INFINITE_RECURSION = YES;
				CLANG_WARN_INT_CONVERSION = YES;
				CLANG_WARN_NON_LITERAL_NULL_CONVERSION = YES;
				CLANG_WARN_OBJC_IMPLICIT_RETAIN_SELF = YES;
				CLANG_WARN_OBJC_LITERAL_CONVERSION = YES;
				CLANG_WARN_OBJC_ROOT_CLASS = YES_ERROR;
				CLANG_WARN_RANGE_LOOP_ANALYSIS = YES;
				CLANG_WARN_STRICT_PROTOTYPES = YES;
				CLANG_WARN_SUSPICIOUS_MOVE = YES;
				CLANG_WARN_UNGUARDED_AVAILABILITY = YES_AGGRESSIVE;
				CLANG_WARN_UNREACHABLE_CODE = YES;
				CLANG_WARN__DUPLICATE_METHOD_MATCH = YES;
				COPY_PHASE_STRIP = NO;
				DEBUG_INFORMATION_FORMAT = dwarf;
				ENABLE_STRICT_OBJC_MSGSEND = YES;
				ENABLE_TESTABILITY = YES;
				GCC_C_LANGUAGE_STANDARD = gnu11;
				GCC_DYNAMIC_NO_PIC = NO;
				GCC_NO_COMMON_BLOCKS = YES;
				GCC_OPTIMIZATION_LEVEL = 0;
				GCC_PREPROCESSOR_DEFINITIONS = (
					"DEBUG=1",
					"$(inherited)",
				);
				GCC_WARN_64_TO_32_BIT_CONVERSION = YES;
				GCC_WARN_ABOUT_RETURN_TYPE = YES_ERROR;
				GCC_WARN_UNDECLARED_SELECTOR = YES;
				GCC_WARN_UNINITIALIZED_AUTOS = YES_AGGRESSIVE;
				GCC_WARN_UNUSED_FUNCTION = YES;
				GCC_WARN_UNUSED_VARIABLE = YES;
				IPHONEOS_DEPLOYMENT_TARGET = 13.4;
				MTL_ENABLE_DEBUG_INFO = INCLUDE_SOURCE;
				MTL_FAST_MATH = YES;
				ONLY_ACTIVE_ARCH = YES;
				SDKROOT = iphoneos;
				SWIFT_ACTIVE_COMPILATION_CONDITIONS = DEBUG;
				SWIFT_OPTIMIZATION_LEVEL = "-Onone";
			};
			name = Debug;
		};
		62A534B7243B2EC90077ADAD /* Debug */ = {
			isa = XCBuildConfiguration;
			baseConfigurationReference = 62DB0565243B44D8006DB6C1 /* iOS.xcconfig */;
			buildSettings = {
				ASSETCATALOG_COMPILER_APPICON_NAME = "$(inherited)";
				CODE_SIGN_ENTITLEMENTS = "$(inherited)";
				CODE_SIGN_STYLE = Automatic;
				DEVELOPMENT_ASSET_PATHS = "$(inherited)";
				DEVELOPMENT_TEAM = 92XVGR6M56;
				ENABLE_PREVIEWS = "$(inherited)";
				INFOPLIST_FILE = "$(inherited)";
				LD_RUNPATH_SEARCH_PATHS = (
					"$(inherited)",
					"@executable_path/Frameworks",
				);
				PRODUCT_BUNDLE_IDENTIFIER = "$(inherited)";
				PRODUCT_NAME = "$(inherited)";
				SUPPORTS_MACCATALYST = "$(inherited)";
				SWIFT_VERSION = "$(inherited)";
				TARGETED_DEVICE_FAMILY = "1,2";
			};
			name = Debug;
		};
		62F86BB1243B6B1A00CD3D85 /* Debug */ = {
			isa = XCBuildConfiguration;
			baseConfigurationReference = 62F86B9A243B6A7200CD3D85 /* macOS.xcconfig */;
			buildSettings = {
				ASSETCATALOG_COMPILER_APPICON_NAME = "$(inherited)";
				CODE_SIGN_ENTITLEMENTS = "$(inherited)";
				CODE_SIGN_STYLE = Automatic;
				COMBINE_HIDPI_IMAGES = "$(inherited)";
				DEVELOPMENT_ASSET_PATHS = "$(inherited)";
				DEVELOPMENT_TEAM = 92XVGR6M56;
				ENABLE_HARDENED_RUNTIME = "$(inherited)";
				ENABLE_PREVIEWS = "$(inherited)";
				INFOPLIST_FILE = "$(inherited)";
				LD_RUNPATH_SEARCH_PATHS = (
					"$(inherited)",
					"@executable_path/../Frameworks",
				);
				MACOSX_DEPLOYMENT_TARGET = "$(inherited)";
				PRODUCT_BUNDLE_IDENTIFIER = "$(inherited)";
				PRODUCT_NAME = "$(TARGET_NAME)";
				SDKROOT = "$(inherited)";
				SWIFT_VERSION = "$(inherited)";
			};
			name = Debug;
		};
/* End XCBuildConfiguration section */

/* Begin XCConfigurationList section */
		62A5349D243B2EC90077ADAD /* Build configuration list for PBXProject "DocumentPickerPreview" */ = {
			isa = XCConfigurationList;
			buildConfigurations = (
				62A534B4243B2EC90077ADAD /* Debug */,
			);
			defaultConfigurationIsVisible = 0;
			defaultConfigurationName = Debug;
		};
		62A534B6243B2EC90077ADAD /* Build configuration list for PBXNativeTarget "DocumentPickerPreview" */ = {
			isa = XCConfigurationList;
			buildConfigurations = (
				62A534B7243B2EC90077ADAD /* Debug */,
			);
			defaultConfigurationIsVisible = 0;
			defaultConfigurationName = Debug;
		};
		62F86BB0243B6B1A00CD3D85 /* Build configuration list for PBXNativeTarget "DocumentPickerPreview-Mac" */ = {
			isa = XCConfigurationList;
			buildConfigurations = (
				62F86BB1243B6B1A00CD3D85 /* Debug */,
			);
			defaultConfigurationIsVisible = 0;
			defaultConfigurationName = Debug;
		};
/* End XCConfigurationList section */

/* Begin XCSwiftPackageProductDependency section */
		62709AC9243B70D60030BE2C /* SwiftUILib.DocumentPicker */ = {
			isa = XCSwiftPackageProductDependency;
			productName = SwiftUILib.DocumentPicker;
		};
		62BAC69A243B435500E599CC /* SwiftUILib.DocumentPicker */ = {
			isa = XCSwiftPackageProductDependency;
			productName = SwiftUILib.DocumentPicker;
		};
/* End XCSwiftPackageProductDependency section */
	};
	rootObject = 62A5349A243B2EC90077ADAD /* Project object */;
}
